
Microsoft Visual Studio Solution File, Format Version 12.00
# Visual Studio Version 16
VisualStudioVersion = 16.0.29409.12
MinimumVisualStudioVersion = 10.0.40219.1
Project("{FAE04EC0-301F-11D3-BF4B-00C04F79EFBC}") = "TP3EJ1y2", "TP3EJ1y2\TP3EJ1y2.csproj", "{43F8323B-9716-4A87-98EA-9C5810B6A117}"
EndProject
Global
	GlobalSection(SolutionConfigurationPlatforms) = preSolution
		Debug|Any CPU = Debug|Any CPU
		Release|Any CPU = Release|Any CPU
	EndGlobalSection
	GlobalSection(ProjectConfigurationPlatforms) = postSolution
		{43F8323B-9716-4A87-98EA-9C5810B6A117}.Debug|Any CPU.ActiveCfg = Debug|Any CPU
		{43F8323B-9716-4A87-98EA-9C5810B6A117}.Debug|Any CPU.Build.0 = Debug|Any CPU
		{43F8323B-9716-4A87-98EA-9C5810B6A117}.Release|Any CPU.ActiveCfg = Release|Any CPU
		{43F8323B-9716-4A87-98EA-9C5810B6A117}.Release|Any CPU.Build.0 = Release|Any CPU
	EndGlobalSection
	GlobalSection(SolutionProperties) = preSolution
		HideSolutionNode = FALSE
	EndGlobalSection
	GlobalSection(ExtensibilityGlobals) = postSolution
		SolutionGuid = {EED4C560-2BE4-4120-8E30-31A24FDA5E97}
	EndGlobalSection
EndGlobal
