
Microsoft Visual Studio Solution File, Format Version 12.00
# Visual Studio Version 16
VisualStudioVersion = 16.0.29409.12
MinimumVisualStudioVersion = 10.0.40219.1
Project("{FAE04EC0-301F-11D3-BF4B-00C04F79EFBC}") = "TP1EJ2", "TP1EJ2\TP1EJ2.csproj", "{D54D3BB7-9088-474D-BE01-07DB10B581E5}"
EndProject
Global
	GlobalSection(SolutionConfigurationPlatforms) = preSolution
		Debug|Any CPU = Debug|Any CPU
		Release|Any CPU = Release|Any CPU
	EndGlobalSection
	GlobalSection(ProjectConfigurationPlatforms) = postSolution
		{D54D3BB7-9088-474D-BE01-07DB10B581E5}.Debug|Any CPU.ActiveCfg = Debug|Any CPU
		{D54D3BB7-9088-474D-BE01-07DB10B581E5}.Debug|Any CPU.Build.0 = Debug|Any CPU
		{D54D3BB7-9088-474D-BE01-07DB10B581E5}.Release|Any CPU.ActiveCfg = Release|Any CPU
		{D54D3BB7-9088-474D-BE01-07DB10B581E5}.Release|Any CPU.Build.0 = Release|Any CPU
	EndGlobalSection
	GlobalSection(SolutionProperties) = preSolution
		HideSolutionNode = FALSE
	EndGlobalSection
	GlobalSection(ExtensibilityGlobals) = postSolution
		SolutionGuid = {C8128726-DF38-4EC7-AF81-A2ECDFF9913F}
	EndGlobalSection
EndGlobal
