
Microsoft Visual Studio Solution File, Format Version 12.00
# Visual Studio Version 16
VisualStudioVersion = 16.0.29409.12
MinimumVisualStudioVersion = 10.0.40219.1
Project("{FAE04EC0-301F-11D3-BF4B-00C04F79EFBC}") = "HerenciaEj1", "HerenciaEj1\HerenciaEj1.csproj", "{3782A843-9673-4816-8425-6FE04B4F2279}"
EndProject
Global
	GlobalSection(SolutionConfigurationPlatforms) = preSolution
		Debug|Any CPU = Debug|Any CPU
		Release|Any CPU = Release|Any CPU
	EndGlobalSection
	GlobalSection(ProjectConfigurationPlatforms) = postSolution
		{3782A843-9673-4816-8425-6FE04B4F2279}.Debug|Any CPU.ActiveCfg = Debug|Any CPU
		{3782A843-9673-4816-8425-6FE04B4F2279}.Debug|Any CPU.Build.0 = Debug|Any CPU
		{3782A843-9673-4816-8425-6FE04B4F2279}.Release|Any CPU.ActiveCfg = Release|Any CPU
		{3782A843-9673-4816-8425-6FE04B4F2279}.Release|Any CPU.Build.0 = Release|Any CPU
	EndGlobalSection
	GlobalSection(SolutionProperties) = preSolution
		HideSolutionNode = FALSE
	EndGlobalSection
	GlobalSection(ExtensibilityGlobals) = postSolution
		SolutionGuid = {3F9BE6AE-7EBA-4B5C-9229-D1EC880037A2}
	EndGlobalSection
EndGlobal
