
Microsoft Visual Studio Solution File, Format Version 12.00
# Visual Studio Version 16
VisualStudioVersion = 16.0.29409.12
MinimumVisualStudioVersion = 10.0.40219.1
Project("{FAE04EC0-301F-11D3-BF4B-00C04F79EFBC}") = "TP·EJ3", "TP·EJ3\TP·EJ3.csproj", "{32508BA0-5C0F-4225-B9AA-A00F0F907160}"
EndProject
Global
	GlobalSection(SolutionConfigurationPlatforms) = preSolution
		Debug|Any CPU = Debug|Any CPU
		Release|Any CPU = Release|Any CPU
	EndGlobalSection
	GlobalSection(ProjectConfigurationPlatforms) = postSolution
		{32508BA0-5C0F-4225-B9AA-A00F0F907160}.Debug|Any CPU.ActiveCfg = Debug|Any CPU
		{32508BA0-5C0F-4225-B9AA-A00F0F907160}.Debug|Any CPU.Build.0 = Debug|Any CPU
		{32508BA0-5C0F-4225-B9AA-A00F0F907160}.Release|Any CPU.ActiveCfg = Release|Any CPU
		{32508BA0-5C0F-4225-B9AA-A00F0F907160}.Release|Any CPU.Build.0 = Release|Any CPU
	EndGlobalSection
	GlobalSection(SolutionProperties) = preSolution
		HideSolutionNode = FALSE
	EndGlobalSection
	GlobalSection(ExtensibilityGlobals) = postSolution
		SolutionGuid = {62B1017C-952B-48BE-BD99-F4315655FF7B}
	EndGlobalSection
EndGlobal
